
Microsoft Visual Studio Solution File, Format Version 12.00
# Visual Studio Version 17
VisualStudioVersion = 17.9.34714.143
MinimumVisualStudioVersion = 10.0.40219.1
Project("{9A19103F-16F7-4668-BE54-9A1E7A4F7556}") = "Hospital_Management_System", "Hospital_Management_System\Hospital_Management_System.csproj", "{BC3E7836-E4B8-4F37-8FA6-E096773BBFCC}"
EndProject
Project("{9A19103F-16F7-4668-BE54-9A1E7A4F7556}") = "HMSDataAccess", "Data\HMSDataAccess.csproj", "{14A2901E-1221-440C-BC39-4575EA612BD8}"
EndProject
Project("{9A19103F-16F7-4668-BE54-9A1E7A4F7556}") = "HMSBusinessLogic", "HMSBusinessLogic\HMSBusinessLogic.csproj", "{43A68B2A-A713-485E-8195-A904BED9C1B4}"
EndProject
Project("{9A19103F-16F7-4668-BE54-9A1E7A4F7556}") = "HMSContracts", "HMSContracts\HMSContracts.csproj", "{CE4BFD2D-60D1-4C35-814F-F94FECDB7D38}"
EndProject
Global
	GlobalSection(SolutionConfigurationPlatforms) = preSolution
		Debug|Any CPU = Debug|Any CPU
		Release|Any CPU = Release|Any CPU
	EndGlobalSection
	GlobalSection(ProjectConfigurationPlatforms) = postSolution
		{BC3E7836-E4B8-4F37-8FA6-E096773BBFCC}.Debug|Any CPU.ActiveCfg = Debug|Any CPU
		{BC3E7836-E4B8-4F37-8FA6-E096773BBFCC}.Debug|Any CPU.Build.0 = Debug|Any CPU
		{BC3E7836-E4B8-4F37-8FA6-E096773BBFCC}.Release|Any CPU.ActiveCfg = Release|Any CPU
		{BC3E7836-E4B8-4F37-8FA6-E096773BBFCC}.Release|Any CPU.Build.0 = Release|Any CPU
		{14A2901E-1221-440C-BC39-4575EA612BD8}.Debug|Any CPU.ActiveCfg = Debug|Any CPU
		{14A2901E-1221-440C-BC39-4575EA612BD8}.Debug|Any CPU.Build.0 = Debug|Any CPU
		{14A2901E-1221-440C-BC39-4575EA612BD8}.Release|Any CPU.ActiveCfg = Release|Any CPU
		{14A2901E-1221-440C-BC39-4575EA612BD8}.Release|Any CPU.Build.0 = Release|Any CPU
		{43A68B2A-A713-485E-8195-A904BED9C1B4}.Debug|Any CPU.ActiveCfg = Debug|Any CPU
		{43A68B2A-A713-485E-8195-A904BED9C1B4}.Debug|Any CPU.Build.0 = Debug|Any CPU
		{43A68B2A-A713-485E-8195-A904BED9C1B4}.Release|Any CPU.ActiveCfg = Release|Any CPU
		{43A68B2A-A713-485E-8195-A904BED9C1B4}.Release|Any CPU.Build.0 = Release|Any CPU
		{CE4BFD2D-60D1-4C35-814F-F94FECDB7D38}.Debug|Any CPU.ActiveCfg = Debug|Any CPU
		{CE4BFD2D-60D1-4C35-814F-F94FECDB7D38}.Debug|Any CPU.Build.0 = Debug|Any CPU
		{CE4BFD2D-60D1-4C35-814F-F94FECDB7D38}.Release|Any CPU.ActiveCfg = Release|Any CPU
		{CE4BFD2D-60D1-4C35-814F-F94FECDB7D38}.Release|Any CPU.Build.0 = Release|Any CPU
	EndGlobalSection
	GlobalSection(SolutionProperties) = preSolution
		HideSolutionNode = FALSE
	EndGlobalSection
	GlobalSection(ExtensibilityGlobals) = postSolution
		SolutionGuid = {94F1B15C-F467-4704-B21B-EC479FDA6AE3}
	EndGlobalSection
EndGlobal
